
Microsoft Visual Studio Solution File, Format Version 12.00
# Visual Studio Version 17
VisualStudioVersion = 17.6.33829.357
MinimumVisualStudioVersion = 10.0.40219.1
Project("{FAE04EC0-301F-11D3-BF4B-00C04F79EFBC}") = "CoreWebApi", "CoreWebApi\CoreWebApi.csproj", "{99EA76CC-6819-419E-9869-6C85A4F413CC}"
EndProject
Global
	GlobalSection(SolutionConfigurationPlatforms) = preSolution
		Debug|Any CPU = Debug|Any CPU
		Release|Any CPU = Release|Any CPU
	EndGlobalSection
	GlobalSection(ProjectConfigurationPlatforms) = postSolution
		{99EA76CC-6819-419E-9869-6C85A4F413CC}.Debug|Any CPU.ActiveCfg = Debug|Any CPU
		{99EA76CC-6819-419E-9869-6C85A4F413CC}.Debug|Any CPU.Build.0 = Debug|Any CPU
		{99EA76CC-6819-419E-9869-6C85A4F413CC}.Release|Any CPU.ActiveCfg = Release|Any CPU
		{99EA76CC-6819-419E-9869-6C85A4F413CC}.Release|Any CPU.Build.0 = Release|Any CPU
	EndGlobalSection
	GlobalSection(SolutionProperties) = preSolution
		HideSolutionNode = FALSE
	EndGlobalSection
	GlobalSection(ExtensibilityGlobals) = postSolution
		SolutionGuid = {AE6DB12A-0F72-47A1-9B79-8A7C9D69A462}
	EndGlobalSection
EndGlobal
